// !$*UTF8*$!
{
	archiveVersion = 1;
	classes = {
	};
	objectVersion = 77;
	objects = {

/* Begin PBXContainerItemProxy section */
		49BF008C2E1E2FCA00876EC3 /* PBXContainerItemProxy */ = {
			isa = PBXContainerItemProxy;
			containerPortal = 49BF006A2E1E2FC900876EC3 /* Project object */;
			proxyType = 1;
			remoteGlobalIDString = 49BF00712E1E2FC900876EC3;
			remoteInfo = BanlanceEat;
		};
		49BF00962E1E2FCA00876EC3 /* PBXContainerItemProxy */ = {
			isa = PBXContainerItemProxy;
			containerPortal = 49BF006A2E1E2FC900876EC3 /* Project object */;
			proxyType = 1;
			remoteGlobalIDString = 49BF00712E1E2FC900876EC3;
			remoteInfo = BanlanceEat;
		};
/* End PBXContainerItemProxy section */

/* Begin PBXFileReference section */
		49BF00722E1E2FC900876EC3 /* BanlanceEat.app */ = {isa = PBXFileReference; explicitFileType = wrapper.application; includeInIndex = 0; path = BanlanceEat.app; sourceTree = BUILT_PRODUCTS_DIR; };
		49BF008B2E1E2FCA00876EC3 /* BanlanceEatTests.xctest */ = {isa = PBXFileReference; explicitFileType = wrapper.cfbundle; includeInIndex = 0; path = BanlanceEatTests.xctest; sourceTree = BUILT_PRODUCTS_DIR; };
		49BF00952E1E2FCA00876EC3 /* BanlanceEatUITests.xctest */ = {isa = PBXFileReference; explicitFileType = wrapper.cfbundle; includeInIndex = 0; path = BanlanceEatUITests.xctest; sourceTree = BUILT_PRODUCTS_DIR; };
/* End PBXFileReference section */

/* Begin PBXFileSystemSynchronizedBuildFileExceptionSet section */
		49BF009D2E1E2FCA00876EC3 /* Exceptions for "BanlanceEat" folder in "BanlanceEat" target */ = {
			isa = PBXFileSystemSynchronizedBuildFileExceptionSet;
			membershipExceptions = (
				Info.plist,
			);
			target = 49BF00712E1E2FC900876EC3 /* BanlanceEat */;
		};
/* End PBXFileSystemSynchronizedBuildFileExceptionSet section */

/* Begin PBXFileSystemSynchronizedRootGroup section */
		49BF00742E1E2FC900876EC3 /* BanlanceEat */ = {
			isa = PBXFileSystemSynchronizedRootGroup;
			exceptions = (
				49BF009D2E1E2FCA00876EC3 /* Exceptions for "BanlanceEat" folder in "BanlanceEat" target */,
			);
			path = BanlanceEat;
			sourceTree = "<group>";
		};
		49BF008E2E1E2FCA00876EC3 /* BanlanceEatTests */ = {
			isa = PBXFileSystemSynchronizedRootGroup;
			path = BanlanceEatTests;
			sourceTree = "<group>";
		};
		49BF00982E1E2FCA00876EC3 /* BanlanceEatUITests */ = {
			isa = PBXFileSystemSynchronizedRootGroup;
			path = BanlanceEatUITests;
			sourceTree = "<group>";
		};
/* End PBXFileSystemSynchronizedRootGroup section */

/* Begin PBXFrameworksBuildPhase section */
		49BF006F2E1E2FC900876EC3 /* Frameworks */ = {
			isa = PBXFrameworksBuildPhase;
			buildActionMask = 2147483647;
			files = (
			);
			runOnlyForDeploymentPostprocessing = 0;
		};
		49BF00882E1E2FCA00876EC3 /* Frameworks */ = {
			isa = PBXFrameworksBuildPhase;
			buildActionMask = 2147483647;
			files = (
			);
			runOnlyForDeploymentPostprocessing = 0;
		};
		49BF00922E1E2FCA00876EC3 /* Frameworks */ = {
			isa = PBXFrameworksBuildPhase;
			buildActionMask = 2147483647;
			files = (
			);
			runOnlyForDeploymentPostprocessing = 0;
		};
/* End PBXFrameworksBuildPhase section */

/* Begin PBXGroup section */
		49BF00692E1E2FC900876EC3 = {
			isa = PBXGroup;
			children = (
				49BF00742E1E2FC900876EC3 /* BanlanceEat */,
				49BF008E2E1E2FCA00876EC3 /* BanlanceEatTests */,
				49BF00982E1E2FCA00876EC3 /* BanlanceEatUITests */,
				49BF00732E1E2FC900876EC3 /* Products */,
			);
			sourceTree = "<group>";
		};
		49BF00732E1E2FC900876EC3 /* Products */ = {
			isa = PBXGroup;
			children = (
				49BF00722E1E2FC900876EC3 /* BanlanceEat.app */,
				49BF008B2E1E2FCA00876EC3 /* BanlanceEatTests.xctest */,
				49BF00952E1E2FCA00876EC3 /* BanlanceEatUITests.xctest */,
			);
			name = Products;
			sourceTree = "<group>";
		};
/* End PBXGroup section */

/* Begin PBXNativeTarget section */
		49BF00712E1E2FC900876EC3 /* BanlanceEat */ = {
			isa = PBXNativeTarget;
			buildConfigurationList = 49BF009E2E1E2FCA00876EC3 /* Build configuration list for PBXNativeTarget "BanlanceEat" */;
			buildPhases = (
				49BF006E2E1E2FC900876EC3 /* Sources */,
				49BF006F2E1E2FC900876EC3 /* Frameworks */,
				49BF00702E1E2FC900876EC3 /* Resources */,
			);
			buildRules = (
			);
			dependencies = (
			);
			fileSystemSynchronizedGroups = (
				49BF00742E1E2FC900876EC3 /* BanlanceEat */,
			);
			name = BanlanceEat;
			packageProductDependencies = (
			);
			productName = BanlanceEat;
			productReference = 49BF00722E1E2FC900876EC3 /* BanlanceEat.app */;
			productType = "com.apple.product-type.application";
		};
		49BF008A2E1E2FCA00876EC3 /* BanlanceEatTests */ = {
			isa = PBXNativeTarget;
			buildConfigurationList = 49BF00A32E1E2FCA00876EC3 /* Build configuration list for PBXNativeTarget "BanlanceEatTests" */;
			buildPhases = (
				49BF00872E1E2FCA00876EC3 /* Sources */,
				49BF00882E1E2FCA00876EC3 /* Frameworks */,
				49BF00892E1E2FCA00876EC3 /* Resources */,
			);
			buildRules = (
			);
			dependencies = (
				49BF008D2E1E2FCA00876EC3 /* PBXTargetDependency */,
			);
			fileSystemSynchronizedGroups = (
				49BF008E2E1E2FCA00876EC3 /* BanlanceEatTests */,
			);
			name = BanlanceEatTests;
			packageProductDependencies = (
			);
			productName = BanlanceEatTests;
			productReference = 49BF008B2E1E2FCA00876EC3 /* BanlanceEatTests.xctest */;
			productType = "com.apple.product-type.bundle.unit-test";
		};
		49BF00942E1E2FCA00876EC3 /* BanlanceEatUITests */ = {
			isa = PBXNativeTarget;
			buildConfigurationList = 49BF00A62E1E2FCA00876EC3 /* Build configuration list for PBXNativeTarget "BanlanceEatUITests" */;
			buildPhases = (
				49BF00912E1E2FCA00876EC3 /* Sources */,
				49BF00922E1E2FCA00876EC3 /* Frameworks */,
				49BF00932E1E2FCA00876EC3 /* Resources */,
			);
			buildRules = (
			);
			dependencies = (
				49BF00972E1E2FCA00876EC3 /* PBXTargetDependency */,
			);
			fileSystemSynchronizedGroups = (
				49BF00982E1E2FCA00876EC3 /* BanlanceEatUITests */,
			);
			name = BanlanceEatUITests;
			packageProductDependencies = (
			);
			productName = BanlanceEatUITests;
			productReference = 49BF00952E1E2FCA00876EC3 /* BanlanceEatUITests.xctest */;
			productType = "com.apple.product-type.bundle.ui-testing";
		};
/* End PBXNativeTarget section */

/* Begin PBXProject section */
		49BF006A2E1E2FC900876EC3 /* Project object */ = {
			isa = PBXProject;
			attributes = {
				BuildIndependentTargetsInParallel = 1;
				LastSwiftUpdateCheck = 1600;
				LastUpgradeCheck = 1600;
				TargetAttributes = {
					49BF00712E1E2FC900876EC3 = {
						CreatedOnToolsVersion = 16.0;
					};
					49BF008A2E1E2FCA00876EC3 = {
						CreatedOnToolsVersion = 16.0;
						TestTargetID = 49BF00712E1E2FC900876EC3;
					};
					49BF00942E1E2FCA00876EC3 = {
						CreatedOnToolsVersion = 16.0;
						TestTargetID = 49BF00712E1E2FC900876EC3;
					};
				};
			};
			buildConfigurationList = 49BF006D2E1E2FC900876EC3 /* Build configuration list for PBXProject "BanlanceEat" */;
			developmentRegion = en;
			hasScannedForEncodings = 0;
			knownRegions = (
				en,
				Base,
			);
			mainGroup = 49BF00692E1E2FC900876EC3;
			minimizedProjectReferenceProxies = 1;
			preferredProjectObjectVersion = 77;
			productRefGroup = 49BF00732E1E2FC900876EC3 /* Products */;
			projectDirPath = "";
			projectRoot = "";
			targets = (
				49BF00712E1E2FC900876EC3 /* BanlanceEat */,
				49BF008A2E1E2FCA00876EC3 /* BanlanceEatTests */,
				49BF00942E1E2FCA00876EC3 /* BanlanceEatUITests */,
			);
		};
/* End PBXProject section */

/* Begin PBXResourcesBuildPhase section */
		49BF00702E1E2FC900876EC3 /* Resources */ = {
			isa = PBXResourcesBuildPhase;
			buildActionMask = 2147483647;
			files = (
			);
			runOnlyForDeploymentPostprocessing = 0;
		};
		49BF00892E1E2FCA00876EC3 /* Resources */ = {
			isa = PBXResourcesBuildPhase;
			buildActionMask = 2147483647;
			files = (
			);
			runOnlyForDeploymentPostprocessing = 0;
		};
		49BF00932E1E2FCA00876EC3 /* Resources */ = {
			isa = PBXResourcesBuildPhase;
			buildActionMask = 2147483647;
			files = (
			);
			runOnlyForDeploymentPostprocessing = 0;
		};
/* End PBXResourcesBuildPhase section */

/* Begin PBXSourcesBuildPhase section */
		49BF006E2E1E2FC900876EC3 /* Sources */ = {
			isa = PBXSourcesBuildPhase;
			buildActionMask = 2147483647;
			files = (
			);
			runOnlyForDeploymentPostprocessing = 0;
		};
		49BF00872E1E2FCA00876EC3 /* Sources */ = {
			isa = PBXSourcesBuildPhase;
			buildActionMask = 2147483647;
			files = (
			);
			runOnlyForDeploymentPostprocessing = 0;
		};
		49BF00912E1E2FCA00876EC3 /* Sources */ = {
			isa = PBXSourcesBuildPhase;
			buildActionMask = 2147483647;
			files = (
			);
			runOnlyForDeploymentPostprocessing = 0;
		};
/* End PBXSourcesBuildPhase section */

/* Begin PBXTargetDependency section */
		49BF008D2E1E2FCA00876EC3 /* PBXTargetDependency */ = {
			isa = PBXTargetDependency;
			target = 49BF00712E1E2FC900876EC3 /* BanlanceEat */;
			targetProxy = 49BF008C2E1E2FCA00876EC3 /* PBXContainerItemProxy */;
		};
		49BF00972E1E2FCA00876EC3 /* PBXTargetDependency */ = {
			isa = PBXTargetDependency;
			target = 49BF00712E1E2FC900876EC3 /* BanlanceEat */;
			targetProxy = 49BF00962E1E2FCA00876EC3 /* PBXContainerItemProxy */;
		};
/* End PBXTargetDependency section */

/* Begin XCBuildConfiguration section */
		49BF009F2E1E2FCA00876EC3 /* Debug */ = {
			isa = XCBuildConfiguration;
			buildSettings = {
				ASSETCATALOG_COMPILER_APPICON_NAME = AppIcon;
				ASSETCATALOG_COMPILER_GLOBAL_ACCENT_COLOR_NAME = AccentColor;
				CODE_SIGN_STYLE = Automatic;
				CURRENT_PROJECT_VERSION = 1;
				DEVELOPMENT_TEAM = 697ACQDW6C;
				GENERATE_INFOPLIST_FILE = YES;
				INFOPLIST_FILE = BanlanceEat/Info.plist;
				INFOPLIST_KEY_UIApplicationSupportsIndirectInputEvents = YES;
				INFOPLIST_KEY_UILaunchStoryboardName = LaunchScreen;
				INFOPLIST_KEY_UIMainStoryboardFile = Main;
				INFOPLIST_KEY_UISupportedInterfaceOrientations_iPad = "UIInterfaceOrientationPortrait UIInterfaceOrientationPortraitUpsideDown UIInterfaceOrientationLandscapeLeft UIInterfaceOrientationLandscapeRight";
				INFOPLIST_KEY_UISupportedInterfaceOrientations_iPhone = "UIInterfaceOrientationPortrait UIInterfaceOrientationLandscapeLeft UIInterfaceOrientationLandscapeRight";
				LD_RUNPATH_SEARCH_PATHS = (
					"$(inherited)",
					"@executable_path/Frameworks",
				);
				MARKETING_VERSION = 1.0;
				PRODUCT_BUNDLE_IDENTIFIER = com.kihyeon.BanlanceEat;
				PRODUCT_NAME = "$(TARGET_NAME)";
				SWIFT_EMIT_LOC_STRINGS = YES;
				SWIFT_VERSION = 5.0;
				TARGETED_DEVICE_FAMILY = "1,2";
			};
			name = Debug;
		};
		49BF00A02E1E2FCA00876EC3 /* Release */ = {
			isa = XCBuildConfiguration;
			buildSettings = {
				ASSETCATALOG_COMPILER_APPICON_NAME = AppIcon;
				ASSETCATALOG_COMPILER_GLOBAL_ACCENT_COLOR_NAME = AccentColor;
				CODE_SIGN_STYLE = Automatic;
				CURRENT_PROJECT_VERSION = 1;
				DEVELOPMENT_TEAM = 697ACQDW6C;
				GENERATE_INFOPLIST_FILE = YES;
				INFOPLIST_FILE = BanlanceEat/Info.plist;
				INFOPLIST_KEY_UIApplicationSupportsIndirectInputEvents = YES;
				INFOPLIST_KEY_UILaunchStoryboardName = LaunchScreen;
				INFOPLIST_KEY_UIMainStoryboardFile = Main;
				INFOPLIST_KEY_UISupportedInterfaceOrientations_iPad = "UIInterfaceOrientationPortrait UIInterfaceOrientationPortraitUpsideDown UIInterfaceOrientationLandscapeLeft UIInterfaceOrientationLandscapeRight";
				INFOPLIST_KEY_UISupportedInterfaceOrientations_iPhone = "UIInterfaceOrientationPortrait UIInterfaceOrientationLandscapeLeft UIInterfaceOrientationLandscapeRight";
				LD_RUNPATH_SEARCH_PATHS = (
					"$(inherited)",
					"@executable_path/Frameworks",
				);
				MARKETING_VERSION = 1.0;
				PRODUCT_BUNDLE_IDENTIFIER = com.kihyeon.BanlanceEat;
				PRODUCT_NAME = "$(TARGET_NAME)";
				SWIFT_EMIT_LOC_STRINGS = YES;
				SWIFT_VERSION = 5.0;
				TARGETED_DEVICE_FAMILY = "1,2";
			};
			name = Release;
		};
		49BF00A12E1E2FCA00876EC3 /* Debug */ = {
			isa = XCBuildConfiguration;
			buildSettings = {
				ALWAYS_SEARCH_USER_PATHS = NO;
				ASSETCATALOG_COMPILER_GENERATE_SWIFT_ASSET_SYMBOL_EXTENSIONS = YES;
				CLANG_ANALYZER_NONNULL = YES;
				CLANG_ANALYZER_NUMBER_OBJECT_CONVERSION = YES_AGGRESSIVE;
				CLANG_CXX_LANGUAGE_STANDARD = "gnu++20";
				CLANG_ENABLE_MODULES = YES;
				CLANG_ENABLE_OBJC_ARC = YES;
				CLANG_ENABLE_OBJC_WEAK = YES;
				CLANG_WARN_BLOCK_CAPTURE_AUTORELEASING = YES;
				CLANG_WARN_BOOL_CONVERSION = YES;
				CLANG_WARN_COMMA = YES;
				CLANG_WARN_CONSTANT_CONVERSION = YES;
				CLANG_WARN_DEPRECATED_OBJC_IMPLEMENTATIONS = YES;
				CLANG_WARN_DIRECT_OBJC_ISA_USAGE = YES_ERROR;
				CLANG_WARN_DOCUMENTATION_COMMENTS = YES;
				CLANG_WARN_EMPTY_BODY = YES;
				CLANG_WARN_ENUM_CONVERSION = YES;
				CLANG_WARN_INFINITE_RECURSION = YES;
				CLANG_WARN_INT_CONVERSION = YES;
				CLANG_WARN_NON_LITERAL_NULL_CONVERSION = YES;
				CLANG_WARN_OBJC_IMPLICIT_RETAIN_SELF = YES;
				CLANG_WARN_OBJC_LITERAL_CONVERSION = YES;
				CLANG_WARN_OBJC_ROOT_CLASS = YES_ERROR;
				CLANG_WARN_QUOTED_INCLUDE_IN_FRAMEWORK_HEADER = YES;
				CLANG_WARN_RANGE_LOOP_ANALYSIS = YES;
				CLANG_WARN_STRICT_PROTOTYPES = YES;
				CLANG_WARN_SUSPICIOUS_MOVE = YES;
				CLANG_WARN_UNGUARDED_AVAILABILITY = YES_AGGRESSIVE;
				CLANG_WARN_UNREACHABLE_CODE = YES;
				CLANG_WARN__DUPLICATE_METHOD_MATCH = YES;
				COPY_PHASE_STRIP = NO;
				DEBUG_INFORMATION_FORMAT = dwarf;
				ENABLE_STRICT_OBJC_MSGSEND = YES;
				ENABLE_TESTABILITY = YES;
				ENABLE_USER_SCRIPT_SANDBOXING = YES;
				GCC_C_LANGUAGE_STANDARD = gnu17;
				GCC_DYNAMIC_NO_PIC = NO;
				GCC_NO_COMMON_BLOCKS = YES;
				GCC_OPTIMIZATION_LEVEL = 0;
				GCC_PREPROCESSOR_DEFINITIONS = (
					"DEBUG=1",
					"$(inherited)",
				);
				GCC_WARN_64_TO_32_BIT_CONVERSION = YES;
				GCC_WARN_ABOUT_RETURN_TYPE = YES_ERROR;
				GCC_WARN_UNDECLARED_SELECTOR = YES;
				GCC_WARN_UNINITIALIZED_AUTOS = YES_AGGRESSIVE;
				GCC_WARN_UNUSED_FUNCTION = YES;
				GCC_WARN_UNUSED_VARIABLE = YES;
				IPHONEOS_DEPLOYMENT_TARGET = 18.0;
				LOCALIZATION_PREFERS_STRING_CATALOGS = YES;
				MTL_ENABLE_DEBUG_INFO = INCLUDE_SOURCE;
				MTL_FAST_MATH = YES;
				ONLY_ACTIVE_ARCH = YES;
				SDKROOT = iphoneos;
				SWIFT_ACTIVE_COMPILATION_CONDITIONS = "DEBUG $(inherited)";
				SWIFT_OPTIMIZATION_LEVEL = "-Onone";
			};
			name = Debug;
		};
		49BF00A22E1E2FCA00876EC3 /* Release */ = {
			isa = XCBuildConfiguration;
			buildSettings = {
				ALWAYS_SEARCH_USER_PATHS = NO;
				ASSETCATALOG_COMPILER_GENERATE_SWIFT_ASSET_SYMBOL_EXTENSIONS = YES;
				CLANG_ANALYZER_NONNULL = YES;
				CLANG_ANALYZER_NUMBER_OBJECT_CONVERSION = YES_AGGRESSIVE;
				CLANG_CXX_LANGUAGE_STANDARD = "gnu++20";
				CLANG_ENABLE_MODULES = YES;
				CLANG_ENABLE_OBJC_ARC = YES;
				CLANG_ENABLE_OBJC_WEAK = YES;
				CLANG_WARN_BLOCK_CAPTURE_AUTORELEASING = YES;
				CLANG_WARN_BOOL_CONVERSION = YES;
				CLANG_WARN_COMMA = YES;
				CLANG_WARN_CONSTANT_CONVERSION = YES;
				CLANG_WARN_DEPRECATED_OBJC_IMPLEMENTATIONS = YES;
				CLANG_WARN_DIRECT_OBJC_ISA_USAGE = YES_ERROR;
				CLANG_WARN_DOCUMENTATION_COMMENTS = YES;
				CLANG_WARN_EMPTY_BODY = YES;
				CLANG_WARN_ENUM_CONVERSION = YES;
				CLANG_WARN_INFINITE_RECURSION = YES;
				CLANG_WARN_INT_CONVERSION = YES;
				CLANG_WARN_NON_LITERAL_NULL_CONVERSION = YES;
				CLANG_WARN_OBJC_IMPLICIT_RETAIN_SELF = YES;
				CLANG_WARN_OBJC_LITERAL_CONVERSION = YES;
				CLANG_WARN_OBJC_ROOT_CLASS = YES_ERROR;
				CLANG_WARN_QUOTED_INCLUDE_IN_FRAMEWORK_HEADER = YES;
				CLANG_WARN_RANGE_LOOP_ANALYSIS = YES;
				CLANG_WARN_STRICT_PROTOTYPES = YES;
				CLANG_WARN_SUSPICIOUS_MOVE = YES;
				CLANG_WARN_UNGUARDED_AVAILABILITY = YES_AGGRESSIVE;
				CLANG_WARN_UNREACHABLE_CODE = YES;
				CLANG_WARN__DUPLICATE_METHOD_MATCH = YES;
				COPY_PHASE_STRIP = NO;
				DEBUG_INFORMATION_FORMAT = "dwarf-with-dsym";
				ENABLE_NS_ASSERTIONS = NO;
				ENABLE_STRICT_OBJC_MSGSEND = YES;
				ENABLE_USER_SCRIPT_SANDBOXING = YES;
				GCC_C_LANGUAGE_STANDARD = gnu17;
				GCC_NO_COMMON_BLOCKS = YES;
				GCC_WARN_64_TO_32_BIT_CONVERSION = YES;
				GCC_WARN_ABOUT_RETURN_TYPE = YES_ERROR;
				GCC_WARN_UNDECLARED_SELECTOR = YES;
				GCC_WARN_UNINITIALIZED_AUTOS = YES_AGGRESSIVE;
				GCC_WARN_UNUSED_FUNCTION = YES;
				GCC_WARN_UNUSED_VARIABLE = YES;
				IPHONEOS_DEPLOYMENT_TARGET = 18.0;
				LOCALIZATION_PREFERS_STRING_CATALOGS = YES;
				MTL_ENABLE_DEBUG_INFO = NO;
				MTL_FAST_MATH = YES;
				SDKROOT = iphoneos;
				SWIFT_COMPILATION_MODE = wholemodule;
				VALIDATE_PRODUCT = YES;
			};
			name = Release;
		};
		49BF00A42E1E2FCA00876EC3 /* Debug */ = {
			isa = XCBuildConfiguration;
			buildSettings = {
				BUNDLE_LOADER = "$(TEST_HOST)";
				CODE_SIGN_STYLE = Automatic;
				CURRENT_PROJECT_VERSION = 1;
				DEVELOPMENT_TEAM = 697ACQDW6C;
				GENERATE_INFOPLIST_FILE = YES;
				IPHONEOS_DEPLOYMENT_TARGET = 18.0;
				MARKETING_VERSION = 1.0;
				PRODUCT_BUNDLE_IDENTIFIER = com.kihyeon.BanlanceEatTests;
				PRODUCT_NAME = "$(TARGET_NAME)";
				SWIFT_EMIT_LOC_STRINGS = NO;
				SWIFT_VERSION = 5.0;
				TARGETED_DEVICE_FAMILY = "1,2";
				TEST_HOST = "$(BUILT_PRODUCTS_DIR)/BanlanceEat.app/$(BUNDLE_EXECUTABLE_FOLDER_PATH)/BanlanceEat";
			};
			name = Debug;
		};
		49BF00A52E1E2FCA00876EC3 /* Release */ = {
			isa = XCBuildConfiguration;
			buildSettings = {
				BUNDLE_LOADER = "$(TEST_HOST)";
				CODE_SIGN_STYLE = Automatic;
				CURRENT_PROJECT_VERSION = 1;
				DEVELOPMENT_TEAM = 697ACQDW6C;
				GENERATE_INFOPLIST_FILE = YES;
				IPHONEOS_DEPLOYMENT_TARGET = 18.0;
				MARKETING_VERSION = 1.0;
				PRODUCT_BUNDLE_IDENTIFIER = com.kihyeon.BanlanceEatTests;
				PRODUCT_NAME = "$(TARGET_NAME)";
				SWIFT_EMIT_LOC_STRINGS = NO;
				SWIFT_VERSION = 5.0;
				TARGETED_DEVICE_FAMILY = "1,2";
				TEST_HOST = "$(BUILT_PRODUCTS_DIR)/BanlanceEat.app/$(BUNDLE_EXECUTABLE_FOLDER_PATH)/BanlanceEat";
			};
			name = Release;
		};
		49BF00A72E1E2FCA00876EC3 /* Debug */ = {
			isa = XCBuildConfiguration;
			buildSettings = {
				CODE_SIGN_STYLE = Automatic;
				CURRENT_PROJECT_VERSION = 1;
				DEVELOPMENT_TEAM = 697ACQDW6C;
				GENERATE_INFOPLIST_FILE = YES;
				MARKETING_VERSION = 1.0;
				PRODUCT_BUNDLE_IDENTIFIER = com.kihyeon.BanlanceEatUITests;
				PRODUCT_NAME = "$(TARGET_NAME)";
				SWIFT_EMIT_LOC_STRINGS = NO;
				SWIFT_VERSION = 5.0;
				TARGETED_DEVICE_FAMILY = "1,2";
				TEST_TARGET_NAME = BanlanceEat;
			};
			name = Debug;
		};
		49BF00A82E1E2FCA00876EC3 /* Release */ = {
			isa = XCBuildConfiguration;
			buildSettings = {
				CODE_SIGN_STYLE = Automatic;
				CURRENT_PROJECT_VERSION = 1;
				DEVELOPMENT_TEAM = 697ACQDW6C;
				GENERATE_INFOPLIST_FILE = YES;
				MARKETING_VERSION = 1.0;
				PRODUCT_BUNDLE_IDENTIFIER = com.kihyeon.BanlanceEatUITests;
				PRODUCT_NAME = "$(TARGET_NAME)";
				SWIFT_EMIT_LOC_STRINGS = NO;
				SWIFT_VERSION = 5.0;
				TARGETED_DEVICE_FAMILY = "1,2";
				TEST_TARGET_NAME = BanlanceEat;
			};
			name = Release;
		};
/* End XCBuildConfiguration section */

/* Begin XCConfigurationList section */
		49BF006D2E1E2FC900876EC3 /* Build configuration list for PBXProject "BanlanceEat" */ = {
			isa = XCConfigurationList;
			buildConfigurations = (
				49BF00A12E1E2FCA00876EC3 /* Debug */,
				49BF00A22E1E2FCA00876EC3 /* Release */,
			);
			defaultConfigurationIsVisible = 0;
			defaultConfigurationName = Release;
		};
		49BF009E2E1E2FCA00876EC3 /* Build configuration list for PBXNativeTarget "BanlanceEat" */ = {
			isa = XCConfigurationList;
			buildConfigurations = (
				49BF009F2E1E2FCA00876EC3 /* Debug */,
				49BF00A02E1E2FCA00876EC3 /* Release */,
			);
			defaultConfigurationIsVisible = 0;
			defaultConfigurationName = Release;
		};
		49BF00A32E1E2FCA00876EC3 /* Build configuration list for PBXNativeTarget "BanlanceEatTests" */ = {
			isa = XCConfigurationList;
			buildConfigurations = (
				49BF00A42E1E2FCA00876EC3 /* Debug */,
				49BF00A52E1E2FCA00876EC3 /* Release */,
			);
			defaultConfigurationIsVisible = 0;
			defaultConfigurationName = Release;
		};
		49BF00A62E1E2FCA00876EC3 /* Build configuration list for PBXNativeTarget "BanlanceEatUITests" */ = {
			isa = XCConfigurationList;
			buildConfigurations = (
				49BF00A72E1E2FCA00876EC3 /* Debug */,
				49BF00A82E1E2FCA00876EC3 /* Release */,
			);
			defaultConfigurationIsVisible = 0;
			defaultConfigurationName = Release;
		};
/* End XCConfigurationList section */
	};
	rootObject = 49BF006A2E1E2FC900876EC3 /* Project object */;
}
