// !$*UTF8*$!
{
	archiveVersion = 1;
	classes = {
	};
	objectVersion = 77;
	objects = {

/* Begin PBXBuildFile section */
		490295E12E51F79200BE288B /* Alamofire in Frameworks */ = {isa = PBXBuildFile; productRef = 490295E02E51F79200BE288B /* Alamofire */; };
		492980422E8CCA8B00CC1FA9 /* Toast in Frameworks */ = {isa = PBXBuildFile; productRef = 492980412E8CCA8B00CC1FA9 /* Toast */; };
		4965DEAA2E5220BD006D7CDA /* UUIDV7 in Frameworks */ = {isa = PBXBuildFile; productRef = 4965DEA92E5220BD006D7CDA /* UUIDV7 */; };
		4965DEB52E5619D5006D7CDA /* BalanceEat.xcdatamodeld in Sources */ = {isa = PBXBuildFile; fileRef = 4965DEAD2E560D89006D7CDA /* BalanceEat.xcdatamodeld */; };
		4972B0242EA917B500E8F770 /* DGCharts in Frameworks */ = {isa = PBXBuildFile; productRef = 4972B0232EA917B500E8F770 /* DGCharts */; };
		497CB8AA2ECFFC8300F0E8FC /* FirebaseCore in Frameworks */ = {isa = PBXBuildFile; productRef = 497CB8A92ECFFC8300F0E8FC /* FirebaseCore */; };
		497CB8AC2ECFFC8300F0E8FC /* FirebaseMessaging in Frameworks */ = {isa = PBXBuildFile; productRef = 497CB8AB2ECFFC8300F0E8FC /* FirebaseMessaging */; };
		497CB8AE2ECFFCB600F0E8FC /* FirebaseAnalytics in Frameworks */ = {isa = PBXBuildFile; productRef = 497CB8AD2ECFFCB600F0E8FC /* FirebaseAnalytics */; };
		49808CFF2E51F9D6003ACBCF /* Alamofire in Frameworks */ = {isa = PBXBuildFile; productRef = 49808CFE2E51F9D6003ACBCF /* Alamofire */; };
		49BF00AB2E1E301500876EC3 /* FlexLayout in Frameworks */ = {isa = PBXBuildFile; productRef = 49BF00AA2E1E301500876EC3 /* FlexLayout */; };
		49BF00AE2E1E303200876EC3 /* PinLayout in Frameworks */ = {isa = PBXBuildFile; productRef = 49BF00AD2E1E303200876EC3 /* PinLayout */; };
		49BF00B12E1E309400876EC3 /* RxCocoa in Frameworks */ = {isa = PBXBuildFile; productRef = 49BF00B02E1E309400876EC3 /* RxCocoa */; };
		49BF00B32E1E309400876EC3 /* RxRelay in Frameworks */ = {isa = PBXBuildFile; productRef = 49BF00B22E1E309400876EC3 /* RxRelay */; };
		49BF00B52E1E309400876EC3 /* RxSwift in Frameworks */ = {isa = PBXBuildFile; productRef = 49BF00B42E1E309400876EC3 /* RxSwift */; };
		49BF00BA2E1E323B00876EC3 /* RealmSwift in Frameworks */ = {isa = PBXBuildFile; productRef = 49BF00B92E1E323B00876EC3 /* RealmSwift */; };
		49BF011C2E1F4CE500876EC3 /* SnapKit in Frameworks */ = {isa = PBXBuildFile; productRef = 49BF011B2E1F4CE500876EC3 /* SnapKit */; };
		49BF020F2E20E42800876EC3 /* RealmSwift in Embed Frameworks */ = {isa = PBXBuildFile; productRef = 49BF00B92E1E323B00876EC3 /* RealmSwift */; settings = {ATTRIBUTES = (CodeSignOnCopy, ); }; };
/* End PBXBuildFile section */

/* Begin PBXContainerItemProxy section */
		49BF008C2E1E2FCA00876EC3 /* PBXContainerItemProxy */ = {
			isa = PBXContainerItemProxy;
			containerPortal = 49BF006A2E1E2FC900876EC3 /* Project object */;
			proxyType = 1;
			remoteGlobalIDString = 49BF00712E1E2FC900876EC3;
			remoteInfo = BanlanceEat;
		};
		49BF00962E1E2FCA00876EC3 /* PBXContainerItemProxy */ = {
			isa = PBXContainerItemProxy;
			containerPortal = 49BF006A2E1E2FC900876EC3 /* Project object */;
			proxyType = 1;
			remoteGlobalIDString = 49BF00712E1E2FC900876EC3;
			remoteInfo = BanlanceEat;
		};
/* End PBXContainerItemProxy section */

/* Begin PBXCopyFilesBuildPhase section */
		49BF02102E20E42800876EC3 /* Embed Frameworks */ = {
			isa = PBXCopyFilesBuildPhase;
			buildActionMask = 2147483647;
			dstPath = "";
			dstSubfolderSpec = 10;
			files = (
				49BF020F2E20E42800876EC3 /* RealmSwift in Embed Frameworks */,
			);
			name = "Embed Frameworks";
			runOnlyForDeploymentPostprocessing = 0;
		};
/* End PBXCopyFilesBuildPhase section */

/* Begin PBXFileReference section */
		4965DEAE2E560D89006D7CDA /* BalanceEat.xcdatamodel */ = {isa = PBXFileReference; lastKnownFileType = wrapper.xcdatamodel; path = BalanceEat.xcdatamodel; sourceTree = "<group>"; };
		49BF00722E1E2FC900876EC3 /* BalanceEat.app */ = {isa = PBXFileReference; explicitFileType = wrapper.application; includeInIndex = 0; path = BalanceEat.app; sourceTree = BUILT_PRODUCTS_DIR; };
		49BF008B2E1E2FCA00876EC3 /* BalanceEatTests.xctest */ = {isa = PBXFileReference; explicitFileType = wrapper.cfbundle; includeInIndex = 0; path = BalanceEatTests.xctest; sourceTree = BUILT_PRODUCTS_DIR; };
		49BF00952E1E2FCA00876EC3 /* BalanceEatUITests.xctest */ = {isa = PBXFileReference; explicitFileType = wrapper.cfbundle; includeInIndex = 0; path = BalanceEatUITests.xctest; sourceTree = BUILT_PRODUCTS_DIR; };
/* End PBXFileReference section */

/* Begin PBXFileSystemSynchronizedBuildFileExceptionSet section */
		49BF00E42E1E338000876EC3 /* Exceptions for "BalanceEat" folder in "BalanceEat" target */ = {
			isa = PBXFileSystemSynchronizedBuildFileExceptionSet;
			membershipExceptions = (
				Info.plist,
			);
			target = 49BF00712E1E2FC900876EC3 /* BalanceEat */;
		};
/* End PBXFileSystemSynchronizedBuildFileExceptionSet section */

/* Begin PBXFileSystemSynchronizedRootGroup section */
		49BF008E2E1E2FCA00876EC3 /* BalanceEatTests */ = {
			isa = PBXFileSystemSynchronizedRootGroup;
			path = BalanceEatTests;
			sourceTree = "<group>";
		};
		49BF00982E1E2FCA00876EC3 /* BalanceEatUITests */ = {
			isa = PBXFileSystemSynchronizedRootGroup;
			path = BalanceEatUITests;
			sourceTree = "<group>";
		};
		49BF00DC2E1E338000876EC3 /* BalanceEat */ = {
			isa = PBXFileSystemSynchronizedRootGroup;
			exceptions = (
				49BF00E42E1E338000876EC3 /* Exceptions for "BalanceEat" folder in "BalanceEat" target */,
			);
			path = BalanceEat;
			sourceTree = "<group>";
		};
/* End PBXFileSystemSynchronizedRootGroup section */

/* Begin PBXFrameworksBuildPhase section */
		49BF006F2E1E2FC900876EC3 /* Frameworks */ = {
			isa = PBXFrameworksBuildPhase;
			buildActionMask = 2147483647;
			files = (
				492980422E8CCA8B00CC1FA9 /* Toast in Frameworks */,
				4965DEAA2E5220BD006D7CDA /* UUIDV7 in Frameworks */,
				497CB8AC2ECFFC8300F0E8FC /* FirebaseMessaging in Frameworks */,
				490295E12E51F79200BE288B /* Alamofire in Frameworks */,
				49BF00B12E1E309400876EC3 /* RxCocoa in Frameworks */,
				4972B0242EA917B500E8F770 /* DGCharts in Frameworks */,
				49BF00AE2E1E303200876EC3 /* PinLayout in Frameworks */,
				49BF00BA2E1E323B00876EC3 /* RealmSwift in Frameworks */,
				497CB8AE2ECFFCB600F0E8FC /* FirebaseAnalytics in Frameworks */,
				49808CFF2E51F9D6003ACBCF /* Alamofire in Frameworks */,
				497CB8AA2ECFFC8300F0E8FC /* FirebaseCore in Frameworks */,
				49BF011C2E1F4CE500876EC3 /* SnapKit in Frameworks */,
				49BF00B52E1E309400876EC3 /* RxSwift in Frameworks */,
				49BF00B32E1E309400876EC3 /* RxRelay in Frameworks */,
				49BF00AB2E1E301500876EC3 /* FlexLayout in Frameworks */,
			);
			runOnlyForDeploymentPostprocessing = 0;
		};
		49BF00882E1E2FCA00876EC3 /* Frameworks */ = {
			isa = PBXFrameworksBuildPhase;
			buildActionMask = 2147483647;
			files = (
			);
			runOnlyForDeploymentPostprocessing = 0;
		};
		49BF00922E1E2FCA00876EC3 /* Frameworks */ = {
			isa = PBXFrameworksBuildPhase;
			buildActionMask = 2147483647;
			files = (
			);
			runOnlyForDeploymentPostprocessing = 0;
		};
/* End PBXFrameworksBuildPhase section */

/* Begin PBXGroup section */
		49BF00692E1E2FC900876EC3 = {
			isa = PBXGroup;
			children = (
				4965DEAD2E560D89006D7CDA /* BalanceEat.xcdatamodeld */,
				49BF008E2E1E2FCA00876EC3 /* BalanceEatTests */,
				49BF00982E1E2FCA00876EC3 /* BalanceEatUITests */,
				49BF00732E1E2FC900876EC3 /* Products */,
				49BF00DC2E1E338000876EC3 /* BalanceEat */,
			);
			sourceTree = "<group>";
		};
		49BF00732E1E2FC900876EC3 /* Products */ = {
			isa = PBXGroup;
			children = (
				49BF00722E1E2FC900876EC3 /* BalanceEat.app */,
				49BF008B2E1E2FCA00876EC3 /* BalanceEatTests.xctest */,
				49BF00952E1E2FCA00876EC3 /* BalanceEatUITests.xctest */,
			);
			name = Products;
			sourceTree = "<group>";
		};
/* End PBXGroup section */

/* Begin PBXNativeTarget section */
		49BF00712E1E2FC900876EC3 /* BalanceEat */ = {
			isa = PBXNativeTarget;
			buildConfigurationList = 49BF009E2E1E2FCA00876EC3 /* Build configuration list for PBXNativeTarget "BalanceEat" */;
			buildPhases = (
				49BF006E2E1E2FC900876EC3 /* Sources */,
				49BF006F2E1E2FC900876EC3 /* Frameworks */,
				49BF00702E1E2FC900876EC3 /* Resources */,
				49BF02102E20E42800876EC3 /* Embed Frameworks */,
			);
			buildRules = (
			);
			dependencies = (
			);
			fileSystemSynchronizedGroups = (
				49BF00DC2E1E338000876EC3 /* BalanceEat */,
			);
			name = BalanceEat;
			packageProductDependencies = (
				49BF00AA2E1E301500876EC3 /* FlexLayout */,
				49BF00AD2E1E303200876EC3 /* PinLayout */,
				49BF00B02E1E309400876EC3 /* RxCocoa */,
				49BF00B22E1E309400876EC3 /* RxRelay */,
				49BF00B42E1E309400876EC3 /* RxSwift */,
				49BF00B92E1E323B00876EC3 /* RealmSwift */,
				49BF011B2E1F4CE500876EC3 /* SnapKit */,
				490295E02E51F79200BE288B /* Alamofire */,
				49808CFE2E51F9D6003ACBCF /* Alamofire */,
				4965DEA92E5220BD006D7CDA /* UUIDV7 */,
				492980412E8CCA8B00CC1FA9 /* Toast */,
				4972B0232EA917B500E8F770 /* DGCharts */,
				497CB8A92ECFFC8300F0E8FC /* FirebaseCore */,
				497CB8AB2ECFFC8300F0E8FC /* FirebaseMessaging */,
				497CB8AD2ECFFCB600F0E8FC /* FirebaseAnalytics */,
			);
			productName = BanlanceEat;
			productReference = 49BF00722E1E2FC900876EC3 /* BalanceEat.app */;
			productType = "com.apple.product-type.application";
		};
		49BF008A2E1E2FCA00876EC3 /* BalanceEatTests */ = {
			isa = PBXNativeTarget;
			buildConfigurationList = 49BF00A32E1E2FCA00876EC3 /* Build configuration list for PBXNativeTarget "BalanceEatTests" */;
			buildPhases = (
				49BF00872E1E2FCA00876EC3 /* Sources */,
				49BF00882E1E2FCA00876EC3 /* Frameworks */,
				49BF00892E1E2FCA00876EC3 /* Resources */,
			);
			buildRules = (
			);
			dependencies = (
				49BF008D2E1E2FCA00876EC3 /* PBXTargetDependency */,
			);
			fileSystemSynchronizedGroups = (
				49BF008E2E1E2FCA00876EC3 /* BalanceEatTests */,
			);
			name = BalanceEatTests;
			packageProductDependencies = (
			);
			productName = BanlanceEatTests;
			productReference = 49BF008B2E1E2FCA00876EC3 /* BalanceEatTests.xctest */;
			productType = "com.apple.product-type.bundle.unit-test";
		};
		49BF00942E1E2FCA00876EC3 /* BalanceEatUITests */ = {
			isa = PBXNativeTarget;
			buildConfigurationList = 49BF00A62E1E2FCA00876EC3 /* Build configuration list for PBXNativeTarget "BalanceEatUITests" */;
			buildPhases = (
				49BF00912E1E2FCA00876EC3 /* Sources */,
				49BF00922E1E2FCA00876EC3 /* Frameworks */,
				49BF00932E1E2FCA00876EC3 /* Resources */,
			);
			buildRules = (
			);
			dependencies = (
				49BF00972E1E2FCA00876EC3 /* PBXTargetDependency */,
			);
			fileSystemSynchronizedGroups = (
				49BF00982E1E2FCA00876EC3 /* BalanceEatUITests */,
			);
			name = BalanceEatUITests;
			packageProductDependencies = (
			);
			productName = BanlanceEatUITests;
			productReference = 49BF00952E1E2FCA00876EC3 /* BalanceEatUITests.xctest */;
			productType = "com.apple.product-type.bundle.ui-testing";
		};
/* End PBXNativeTarget section */

/* Begin PBXProject section */
		49BF006A2E1E2FC900876EC3 /* Project object */ = {
			isa = PBXProject;
			attributes = {
				BuildIndependentTargetsInParallel = 1;
				LastSwiftUpdateCheck = 1600;
				LastUpgradeCheck = 1600;
				TargetAttributes = {
					49BF00712E1E2FC900876EC3 = {
						CreatedOnToolsVersion = 16.0;
					};
					49BF008A2E1E2FCA00876EC3 = {
						CreatedOnToolsVersion = 16.0;
						TestTargetID = 49BF00712E1E2FC900876EC3;
					};
					49BF00942E1E2FCA00876EC3 = {
						CreatedOnToolsVersion = 16.0;
						TestTargetID = 49BF00712E1E2FC900876EC3;
					};
				};
			};
			buildConfigurationList = 49BF006D2E1E2FC900876EC3 /* Build configuration list for PBXProject "BalanceEat" */;
			developmentRegion = en;
			hasScannedForEncodings = 0;
			knownRegions = (
				en,
				Base,
			);
			mainGroup = 49BF00692E1E2FC900876EC3;
			minimizedProjectReferenceProxies = 1;
			packageReferences = (
				49BF00A92E1E301500876EC3 /* XCRemoteSwiftPackageReference "FlexLayout" */,
				49BF00AC2E1E303200876EC3 /* XCRemoteSwiftPackageReference "Pinlayout" */,
				49BF00AF2E1E309400876EC3 /* XCRemoteSwiftPackageReference "RxSwift" */,
				49BF00B82E1E323B00876EC3 /* XCRemoteSwiftPackageReference "realm-swift" */,
				49BF011A2E1F4CE500876EC3 /* XCRemoteSwiftPackageReference "SnapKit" */,
				49808CFD2E51F9D6003ACBCF /* XCRemoteSwiftPackageReference "Alamofire" */,
				4965DEA82E5220BD006D7CDA /* XCRemoteSwiftPackageReference "UUIDV7" */,
				492980402E8CCA8B00CC1FA9 /* XCRemoteSwiftPackageReference "Toast-Swift" */,
				4972B0222EA917B500E8F770 /* XCRemoteSwiftPackageReference "Charts" */,
				497CB8A82ECFFC8300F0E8FC /* XCRemoteSwiftPackageReference "firebase-ios-sdk" */,
			);
			preferredProjectObjectVersion = 77;
			productRefGroup = 49BF00732E1E2FC900876EC3 /* Products */;
			projectDirPath = "";
			projectRoot = "";
			targets = (
				49BF00712E1E2FC900876EC3 /* BalanceEat */,
				49BF008A2E1E2FCA00876EC3 /* BalanceEatTests */,
				49BF00942E1E2FCA00876EC3 /* BalanceEatUITests */,
			);
		};
/* End PBXProject section */

/* Begin PBXResourcesBuildPhase section */
		49BF00702E1E2FC900876EC3 /* Resources */ = {
			isa = PBXResourcesBuildPhase;
			buildActionMask = 2147483647;
			files = (
			);
			runOnlyForDeploymentPostprocessing = 0;
		};
		49BF00892E1E2FCA00876EC3 /* Resources */ = {
			isa = PBXResourcesBuildPhase;
			buildActionMask = 2147483647;
			files = (
			);
			runOnlyForDeploymentPostprocessing = 0;
		};
		49BF00932E1E2FCA00876EC3 /* Resources */ = {
			isa = PBXResourcesBuildPhase;
			buildActionMask = 2147483647;
			files = (
			);
			runOnlyForDeploymentPostprocessing = 0;
		};
/* End PBXResourcesBuildPhase section */

/* Begin PBXSourcesBuildPhase section */
		49BF006E2E1E2FC900876EC3 /* Sources */ = {
			isa = PBXSourcesBuildPhase;
			buildActionMask = 2147483647;
			files = (
				4965DEB52E5619D5006D7CDA /* BalanceEat.xcdatamodeld in Sources */,
			);
			runOnlyForDeploymentPostprocessing = 0;
		};
		49BF00872E1E2FCA00876EC3 /* Sources */ = {
			isa = PBXSourcesBuildPhase;
			buildActionMask = 2147483647;
			files = (
			);
			runOnlyForDeploymentPostprocessing = 0;
		};
		49BF00912E1E2FCA00876EC3 /* Sources */ = {
			isa = PBXSourcesBuildPhase;
			buildActionMask = 2147483647;
			files = (
			);
			runOnlyForDeploymentPostprocessing = 0;
		};
/* End PBXSourcesBuildPhase section */

/* Begin PBXTargetDependency section */
		49BF008D2E1E2FCA00876EC3 /* PBXTargetDependency */ = {
			isa = PBXTargetDependency;
			target = 49BF00712E1E2FC900876EC3 /* BalanceEat */;
			targetProxy = 49BF008C2E1E2FCA00876EC3 /* PBXContainerItemProxy */;
		};
		49BF00972E1E2FCA00876EC3 /* PBXTargetDependency */ = {
			isa = PBXTargetDependency;
			target = 49BF00712E1E2FC900876EC3 /* BalanceEat */;
			targetProxy = 49BF00962E1E2FCA00876EC3 /* PBXContainerItemProxy */;
		};
/* End PBXTargetDependency section */

/* Begin XCBuildConfiguration section */
		49BF009F2E1E2FCA00876EC3 /* Debug */ = {
			isa = XCBuildConfiguration;
			buildSettings = {
				ASSETCATALOG_COMPILER_APPICON_NAME = AppIcon;
				ASSETCATALOG_COMPILER_GLOBAL_ACCENT_COLOR_NAME = AccentColor;
				CODE_SIGN_ENTITLEMENTS = BalanceEat/BalanceEat.entitlements;
				CODE_SIGN_STYLE = Automatic;
				CURRENT_PROJECT_VERSION = 3;
				DEVELOPMENT_TEAM = 697ACQDW6C;
				GENERATE_INFOPLIST_FILE = YES;
				INFOPLIST_FILE = BalanceEat/Info.plist;
				INFOPLIST_KEY_UIApplicationSupportsIndirectInputEvents = YES;
				INFOPLIST_KEY_UILaunchStoryboardName = LaunchScreen;
				INFOPLIST_KEY_UIMainStoryboardFile = Main;
				INFOPLIST_KEY_UISupportedInterfaceOrientations_iPad = "UIInterfaceOrientationPortrait UIInterfaceOrientationPortraitUpsideDown UIInterfaceOrientationLandscapeLeft UIInterfaceOrientationLandscapeRight";
				INFOPLIST_KEY_UISupportedInterfaceOrientations_iPhone = "UIInterfaceOrientationPortrait UIInterfaceOrientationLandscapeLeft UIInterfaceOrientationLandscapeRight";
				INFOPLIST_KEY_UIUserInterfaceStyle = Light;
				LD_RUNPATH_SEARCH_PATHS = (
					"$(inherited)",
					"@executable_path/Frameworks",
				);
				MARKETING_VERSION = 1.0.1;
				PRODUCT_BUNDLE_IDENTIFIER = com.kihyeon.BalanceEat;
				PRODUCT_NAME = "$(TARGET_NAME)";
				SUPPORTED_PLATFORMS = "iphoneos iphonesimulator";
				SUPPORTS_MACCATALYST = NO;
				SWIFT_EMIT_LOC_STRINGS = YES;
				SWIFT_VERSION = 5.0;
				TARGETED_DEVICE_FAMILY = 1;
			};
			name = Debug;
		};
		49BF00A02E1E2FCA00876EC3 /* Release */ = {
			isa = XCBuildConfiguration;
			buildSettings = {
				ASSETCATALOG_COMPILER_APPICON_NAME = AppIcon;
				ASSETCATALOG_COMPILER_GLOBAL_ACCENT_COLOR_NAME = AccentColor;
				CODE_SIGN_ENTITLEMENTS = BalanceEat/BalanceEat.entitlements;
				CODE_SIGN_STYLE = Automatic;
				CURRENT_PROJECT_VERSION = 3;
				DEVELOPMENT_TEAM = 697ACQDW6C;
				GENERATE_INFOPLIST_FILE = YES;
				INFOPLIST_FILE = BalanceEat/Info.plist;
				INFOPLIST_KEY_UIApplicationSupportsIndirectInputEvents = YES;
				INFOPLIST_KEY_UILaunchStoryboardName = LaunchScreen;
				INFOPLIST_KEY_UIMainStoryboardFile = Main;
				INFOPLIST_KEY_UISupportedInterfaceOrientations_iPad = "UIInterfaceOrientationPortrait UIInterfaceOrientationPortraitUpsideDown UIInterfaceOrientationLandscapeLeft UIInterfaceOrientationLandscapeRight";
				INFOPLIST_KEY_UISupportedInterfaceOrientations_iPhone = "UIInterfaceOrientationPortrait UIInterfaceOrientationLandscapeLeft UIInterfaceOrientationLandscapeRight";
				INFOPLIST_KEY_UIUserInterfaceStyle = Light;
				LD_RUNPATH_SEARCH_PATHS = (
					"$(inherited)",
					"@executable_path/Frameworks",
				);
				MARKETING_VERSION = 1.0.1;
				PRODUCT_BUNDLE_IDENTIFIER = com.kihyeon.BalanceEat;
				PRODUCT_NAME = "$(TARGET_NAME)";
				SUPPORTED_PLATFORMS = "iphoneos iphonesimulator";
				SUPPORTS_MACCATALYST = NO;
				SWIFT_EMIT_LOC_STRINGS = YES;
				SWIFT_VERSION = 5.0;
				TARGETED_DEVICE_FAMILY = 1;
			};
			name = Release;
		};
		49BF00A12E1E2FCA00876EC3 /* Debug */ = {
			isa = XCBuildConfiguration;
			buildSettings = {
				ALWAYS_SEARCH_USER_PATHS = NO;
				ASSETCATALOG_COMPILER_GENERATE_SWIFT_ASSET_SYMBOL_EXTENSIONS = YES;
				CLANG_ANALYZER_NONNULL = YES;
				CLANG_ANALYZER_NUMBER_OBJECT_CONVERSION = YES_AGGRESSIVE;
				CLANG_CXX_LANGUAGE_STANDARD = "gnu++20";
				CLANG_ENABLE_MODULES = YES;
				CLANG_ENABLE_OBJC_ARC = YES;
				CLANG_ENABLE_OBJC_WEAK = YES;
				CLANG_WARN_BLOCK_CAPTURE_AUTORELEASING = YES;
				CLANG_WARN_BOOL_CONVERSION = YES;
				CLANG_WARN_COMMA = YES;
				CLANG_WARN_CONSTANT_CONVERSION = YES;
				CLANG_WARN_DEPRECATED_OBJC_IMPLEMENTATIONS = YES;
				CLANG_WARN_DIRECT_OBJC_ISA_USAGE = YES_ERROR;
				CLANG_WARN_DOCUMENTATION_COMMENTS = YES;
				CLANG_WARN_EMPTY_BODY = YES;
				CLANG_WARN_ENUM_CONVERSION = YES;
				CLANG_WARN_INFINITE_RECURSION = YES;
				CLANG_WARN_INT_CONVERSION = YES;
				CLANG_WARN_NON_LITERAL_NULL_CONVERSION = YES;
				CLANG_WARN_OBJC_IMPLICIT_RETAIN_SELF = YES;
				CLANG_WARN_OBJC_LITERAL_CONVERSION = YES;
				CLANG_WARN_OBJC_ROOT_CLASS = YES_ERROR;
				CLANG_WARN_QUOTED_INCLUDE_IN_FRAMEWORK_HEADER = YES;
				CLANG_WARN_RANGE_LOOP_ANALYSIS = YES;
				CLANG_WARN_STRICT_PROTOTYPES = YES;
				CLANG_WARN_SUSPICIOUS_MOVE = YES;
				CLANG_WARN_UNGUARDED_AVAILABILITY = YES_AGGRESSIVE;
				CLANG_WARN_UNREACHABLE_CODE = YES;
				CLANG_WARN__DUPLICATE_METHOD_MATCH = YES;
				COPY_PHASE_STRIP = NO;
				DEBUG_INFORMATION_FORMAT = dwarf;
				ENABLE_STRICT_OBJC_MSGSEND = YES;
				ENABLE_TESTABILITY = YES;
				ENABLE_USER_SCRIPT_SANDBOXING = YES;
				GCC_C_LANGUAGE_STANDARD = gnu17;
				GCC_DYNAMIC_NO_PIC = NO;
				GCC_NO_COMMON_BLOCKS = YES;
				GCC_OPTIMIZATION_LEVEL = 0;
				GCC_PREPROCESSOR_DEFINITIONS = (
					"DEBUG=1",
					"$(inherited)",
				);
				GCC_WARN_64_TO_32_BIT_CONVERSION = YES;
				GCC_WARN_ABOUT_RETURN_TYPE = YES_ERROR;
				GCC_WARN_UNDECLARED_SELECTOR = YES;
				GCC_WARN_UNINITIALIZED_AUTOS = YES_AGGRESSIVE;
				GCC_WARN_UNUSED_FUNCTION = YES;
				GCC_WARN_UNUSED_VARIABLE = YES;
				IPHONEOS_DEPLOYMENT_TARGET = 18.0;
				LOCALIZATION_PREFERS_STRING_CATALOGS = YES;
				MTL_ENABLE_DEBUG_INFO = INCLUDE_SOURCE;
				MTL_FAST_MATH = YES;
				ONLY_ACTIVE_ARCH = YES;
				SDKROOT = iphoneos;
				SWIFT_ACTIVE_COMPILATION_CONDITIONS = "DEBUG $(inherited)";
				SWIFT_OPTIMIZATION_LEVEL = "-Onone";
			};
			name = Debug;
		};
		49BF00A22E1E2FCA00876EC3 /* Release */ = {
			isa = XCBuildConfiguration;
			buildSettings = {
				ALWAYS_SEARCH_USER_PATHS = NO;
				ASSETCATALOG_COMPILER_GENERATE_SWIFT_ASSET_SYMBOL_EXTENSIONS = YES;
				CLANG_ANALYZER_NONNULL = YES;
				CLANG_ANALYZER_NUMBER_OBJECT_CONVERSION = YES_AGGRESSIVE;
				CLANG_CXX_LANGUAGE_STANDARD = "gnu++20";
				CLANG_ENABLE_MODULES = YES;
				CLANG_ENABLE_OBJC_ARC = YES;
				CLANG_ENABLE_OBJC_WEAK = YES;
				CLANG_WARN_BLOCK_CAPTURE_AUTORELEASING = YES;
				CLANG_WARN_BOOL_CONVERSION = YES;
				CLANG_WARN_COMMA = YES;
				CLANG_WARN_CONSTANT_CONVERSION = YES;
				CLANG_WARN_DEPRECATED_OBJC_IMPLEMENTATIONS = YES;
				CLANG_WARN_DIRECT_OBJC_ISA_USAGE = YES_ERROR;
				CLANG_WARN_DOCUMENTATION_COMMENTS = YES;
				CLANG_WARN_EMPTY_BODY = YES;
				CLANG_WARN_ENUM_CONVERSION = YES;
				CLANG_WARN_INFINITE_RECURSION = YES;
				CLANG_WARN_INT_CONVERSION = YES;
				CLANG_WARN_NON_LITERAL_NULL_CONVERSION = YES;
				CLANG_WARN_OBJC_IMPLICIT_RETAIN_SELF = YES;
				CLANG_WARN_OBJC_LITERAL_CONVERSION = YES;
				CLANG_WARN_OBJC_ROOT_CLASS = YES_ERROR;
				CLANG_WARN_QUOTED_INCLUDE_IN_FRAMEWORK_HEADER = YES;
				CLANG_WARN_RANGE_LOOP_ANALYSIS = YES;
				CLANG_WARN_STRICT_PROTOTYPES = YES;
				CLANG_WARN_SUSPICIOUS_MOVE = YES;
				CLANG_WARN_UNGUARDED_AVAILABILITY = YES_AGGRESSIVE;
				CLANG_WARN_UNREACHABLE_CODE = YES;
				CLANG_WARN__DUPLICATE_METHOD_MATCH = YES;
				COPY_PHASE_STRIP = NO;
				DEBUG_INFORMATION_FORMAT = "dwarf-with-dsym";
				ENABLE_NS_ASSERTIONS = NO;
				ENABLE_STRICT_OBJC_MSGSEND = YES;
				ENABLE_USER_SCRIPT_SANDBOXING = YES;
				GCC_C_LANGUAGE_STANDARD = gnu17;
				GCC_NO_COMMON_BLOCKS = YES;
				GCC_WARN_64_TO_32_BIT_CONVERSION = YES;
				GCC_WARN_ABOUT_RETURN_TYPE = YES_ERROR;
				GCC_WARN_UNDECLARED_SELECTOR = YES;
				GCC_WARN_UNINITIALIZED_AUTOS = YES_AGGRESSIVE;
				GCC_WARN_UNUSED_FUNCTION = YES;
				GCC_WARN_UNUSED_VARIABLE = YES;
				IPHONEOS_DEPLOYMENT_TARGET = 18.0;
				LOCALIZATION_PREFERS_STRING_CATALOGS = YES;
				MTL_ENABLE_DEBUG_INFO = NO;
				MTL_FAST_MATH = YES;
				SDKROOT = iphoneos;
				SWIFT_COMPILATION_MODE = wholemodule;
				VALIDATE_PRODUCT = YES;
			};
			name = Release;
		};
		49BF00A42E1E2FCA00876EC3 /* Debug */ = {
			isa = XCBuildConfiguration;
			buildSettings = {
				BUNDLE_LOADER = "$(TEST_HOST)";
				CODE_SIGN_STYLE = Automatic;
				CURRENT_PROJECT_VERSION = 3;
				DEVELOPMENT_TEAM = 697ACQDW6C;
				GENERATE_INFOPLIST_FILE = YES;
				IPHONEOS_DEPLOYMENT_TARGET = 18.0;
				MARKETING_VERSION = 1.0;
				PRODUCT_BUNDLE_IDENTIFIER = com.kihyeon.BanlanceEatTests;
				PRODUCT_NAME = "$(TARGET_NAME)";
				SWIFT_EMIT_LOC_STRINGS = NO;
				SWIFT_VERSION = 5.0;
				TARGETED_DEVICE_FAMILY = "1,2";
				TEST_HOST = "$(BUILT_PRODUCTS_DIR)/BalanceEat.app/$(BUNDLE_EXECUTABLE_FOLDER_PATH)/BalanceEat";
			};
			name = Debug;
		};
		49BF00A52E1E2FCA00876EC3 /* Release */ = {
			isa = XCBuildConfiguration;
			buildSettings = {
				BUNDLE_LOADER = "$(TEST_HOST)";
				CODE_SIGN_STYLE = Automatic;
				CURRENT_PROJECT_VERSION = 3;
				DEVELOPMENT_TEAM = 697ACQDW6C;
				GENERATE_INFOPLIST_FILE = YES;
				IPHONEOS_DEPLOYMENT_TARGET = 18.0;
				MARKETING_VERSION = 1.0;
				PRODUCT_BUNDLE_IDENTIFIER = com.kihyeon.BanlanceEatTests;
				PRODUCT_NAME = "$(TARGET_NAME)";
				SWIFT_EMIT_LOC_STRINGS = NO;
				SWIFT_VERSION = 5.0;
				TARGETED_DEVICE_FAMILY = "1,2";
				TEST_HOST = "$(BUILT_PRODUCTS_DIR)/BalanceEat.app/$(BUNDLE_EXECUTABLE_FOLDER_PATH)/BalanceEat";
			};
			name = Release;
		};
		49BF00A72E1E2FCA00876EC3 /* Debug */ = {
			isa = XCBuildConfiguration;
			buildSettings = {
				CODE_SIGN_STYLE = Automatic;
				CURRENT_PROJECT_VERSION = 3;
				DEVELOPMENT_TEAM = 697ACQDW6C;
				GENERATE_INFOPLIST_FILE = YES;
				MARKETING_VERSION = 1.0;
				PRODUCT_BUNDLE_IDENTIFIER = com.kihyeon.BanlanceEatUITests;
				PRODUCT_NAME = "$(TARGET_NAME)";
				SWIFT_EMIT_LOC_STRINGS = NO;
				SWIFT_VERSION = 5.0;
				TARGETED_DEVICE_FAMILY = "1,2";
				TEST_TARGET_NAME = BanlanceEat;
			};
			name = Debug;
		};
		49BF00A82E1E2FCA00876EC3 /* Release */ = {
			isa = XCBuildConfiguration;
			buildSettings = {
				CODE_SIGN_STYLE = Automatic;
				CURRENT_PROJECT_VERSION = 3;
				DEVELOPMENT_TEAM = 697ACQDW6C;
				GENERATE_INFOPLIST_FILE = YES;
				MARKETING_VERSION = 1.0;
				PRODUCT_BUNDLE_IDENTIFIER = com.kihyeon.BanlanceEatUITests;
				PRODUCT_NAME = "$(TARGET_NAME)";
				SWIFT_EMIT_LOC_STRINGS = NO;
				SWIFT_VERSION = 5.0;
				TARGETED_DEVICE_FAMILY = "1,2";
				TEST_TARGET_NAME = BanlanceEat;
			};
			name = Release;
		};
/* End XCBuildConfiguration section */

/* Begin XCConfigurationList section */
		49BF006D2E1E2FC900876EC3 /* Build configuration list for PBXProject "BalanceEat" */ = {
			isa = XCConfigurationList;
			buildConfigurations = (
				49BF00A12E1E2FCA00876EC3 /* Debug */,
				49BF00A22E1E2FCA00876EC3 /* Release */,
			);
			defaultConfigurationIsVisible = 0;
			defaultConfigurationName = Release;
		};
		49BF009E2E1E2FCA00876EC3 /* Build configuration list for PBXNativeTarget "BalanceEat" */ = {
			isa = XCConfigurationList;
			buildConfigurations = (
				49BF009F2E1E2FCA00876EC3 /* Debug */,
				49BF00A02E1E2FCA00876EC3 /* Release */,
			);
			defaultConfigurationIsVisible = 0;
			defaultConfigurationName = Release;
		};
		49BF00A32E1E2FCA00876EC3 /* Build configuration list for PBXNativeTarget "BalanceEatTests" */ = {
			isa = XCConfigurationList;
			buildConfigurations = (
				49BF00A42E1E2FCA00876EC3 /* Debug */,
				49BF00A52E1E2FCA00876EC3 /* Release */,
			);
			defaultConfigurationIsVisible = 0;
			defaultConfigurationName = Release;
		};
		49BF00A62E1E2FCA00876EC3 /* Build configuration list for PBXNativeTarget "BalanceEatUITests" */ = {
			isa = XCConfigurationList;
			buildConfigurations = (
				49BF00A72E1E2FCA00876EC3 /* Debug */,
				49BF00A82E1E2FCA00876EC3 /* Release */,
			);
			defaultConfigurationIsVisible = 0;
			defaultConfigurationName = Release;
		};
/* End XCConfigurationList section */

/* Begin XCRemoteSwiftPackageReference section */
		492980402E8CCA8B00CC1FA9 /* XCRemoteSwiftPackageReference "Toast-Swift" */ = {
			isa = XCRemoteSwiftPackageReference;
			repositoryURL = "https://github.com/scalessec/Toast-Swift";
			requirement = {
				kind = upToNextMajorVersion;
				minimumVersion = 5.1.1;
			};
		};
		4965DEA82E5220BD006D7CDA /* XCRemoteSwiftPackageReference "UUIDV7" */ = {
			isa = XCRemoteSwiftPackageReference;
			repositoryURL = "https://github.com/nthState/UUIDV7";
			requirement = {
				branch = main;
				kind = branch;
			};
		};
		4972B0222EA917B500E8F770 /* XCRemoteSwiftPackageReference "Charts" */ = {
			isa = XCRemoteSwiftPackageReference;
			repositoryURL = "https://github.com/danielgindi/Charts.git";
			requirement = {
				kind = upToNextMajorVersion;
				minimumVersion = 5.1.0;
			};
		};
		497CB8A82ECFFC8300F0E8FC /* XCRemoteSwiftPackageReference "firebase-ios-sdk" */ = {
			isa = XCRemoteSwiftPackageReference;
			repositoryURL = "https://github.com/firebase/firebase-ios-sdk";
			requirement = {
				kind = upToNextMajorVersion;
				minimumVersion = 12.6.0;
			};
		};
		49808CFD2E51F9D6003ACBCF /* XCRemoteSwiftPackageReference "Alamofire" */ = {
			isa = XCRemoteSwiftPackageReference;
			repositoryURL = "https://github.com/Alamofire/Alamofire";
			requirement = {
				kind = upToNextMajorVersion;
				minimumVersion = 5.10.2;
			};
		};
		49BF00A92E1E301500876EC3 /* XCRemoteSwiftPackageReference "FlexLayout" */ = {
			isa = XCRemoteSwiftPackageReference;
			repositoryURL = "https://github.com/layoutBox/FlexLayout";
			requirement = {
				kind = upToNextMajorVersion;
				minimumVersion = 2.2.1;
			};
		};
		49BF00AC2E1E303200876EC3 /* XCRemoteSwiftPackageReference "Pinlayout" */ = {
			isa = XCRemoteSwiftPackageReference;
			repositoryURL = "https://github.com/layoutBox/Pinlayout";
			requirement = {
				kind = upToNextMajorVersion;
				minimumVersion = 1.10.5;
			};
		};
		49BF00AF2E1E309400876EC3 /* XCRemoteSwiftPackageReference "RxSwift" */ = {
			isa = XCRemoteSwiftPackageReference;
			repositoryURL = "https://github.com/ReactiveX/RxSwift";
			requirement = {
				kind = upToNextMajorVersion;
				minimumVersion = 6.9.0;
			};
		};
		49BF00B82E1E323B00876EC3 /* XCRemoteSwiftPackageReference "realm-swift" */ = {
			isa = XCRemoteSwiftPackageReference;
			repositoryURL = "https://github.com/realm/realm-swift";
			requirement = {
				branch = master;
				kind = branch;
			};
		};
		49BF011A2E1F4CE500876EC3 /* XCRemoteSwiftPackageReference "SnapKit" */ = {
			isa = XCRemoteSwiftPackageReference;
			repositoryURL = "https://github.com/SnapKit/SnapKit";
			requirement = {
				kind = upToNextMajorVersion;
				minimumVersion = 5.7.1;
			};
		};
/* End XCRemoteSwiftPackageReference section */

/* Begin XCSwiftPackageProductDependency section */
		490295E02E51F79200BE288B /* Alamofire */ = {
			isa = XCSwiftPackageProductDependency;
			productName = Alamofire;
		};
		492980412E8CCA8B00CC1FA9 /* Toast */ = {
			isa = XCSwiftPackageProductDependency;
			package = 492980402E8CCA8B00CC1FA9 /* XCRemoteSwiftPackageReference "Toast-Swift" */;
			productName = Toast;
		};
		4965DEA92E5220BD006D7CDA /* UUIDV7 */ = {
			isa = XCSwiftPackageProductDependency;
			package = 4965DEA82E5220BD006D7CDA /* XCRemoteSwiftPackageReference "UUIDV7" */;
			productName = UUIDV7;
		};
		4972B0232EA917B500E8F770 /* DGCharts */ = {
			isa = XCSwiftPackageProductDependency;
			package = 4972B0222EA917B500E8F770 /* XCRemoteSwiftPackageReference "Charts" */;
			productName = DGCharts;
		};
		497CB8A92ECFFC8300F0E8FC /* FirebaseCore */ = {
			isa = XCSwiftPackageProductDependency;
			package = 497CB8A82ECFFC8300F0E8FC /* XCRemoteSwiftPackageReference "firebase-ios-sdk" */;
			productName = FirebaseCore;
		};
		497CB8AB2ECFFC8300F0E8FC /* FirebaseMessaging */ = {
			isa = XCSwiftPackageProductDependency;
			package = 497CB8A82ECFFC8300F0E8FC /* XCRemoteSwiftPackageReference "firebase-ios-sdk" */;
			productName = FirebaseMessaging;
		};
		497CB8AD2ECFFCB600F0E8FC /* FirebaseAnalytics */ = {
			isa = XCSwiftPackageProductDependency;
			package = 497CB8A82ECFFC8300F0E8FC /* XCRemoteSwiftPackageReference "firebase-ios-sdk" */;
			productName = FirebaseAnalytics;
		};
		49808CFE2E51F9D6003ACBCF /* Alamofire */ = {
			isa = XCSwiftPackageProductDependency;
			package = 49808CFD2E51F9D6003ACBCF /* XCRemoteSwiftPackageReference "Alamofire" */;
			productName = Alamofire;
		};
		49BF00AA2E1E301500876EC3 /* FlexLayout */ = {
			isa = XCSwiftPackageProductDependency;
			package = 49BF00A92E1E301500876EC3 /* XCRemoteSwiftPackageReference "FlexLayout" */;
			productName = FlexLayout;
		};
		49BF00AD2E1E303200876EC3 /* PinLayout */ = {
			isa = XCSwiftPackageProductDependency;
			package = 49BF00AC2E1E303200876EC3 /* XCRemoteSwiftPackageReference "Pinlayout" */;
			productName = PinLayout;
		};
		49BF00B02E1E309400876EC3 /* RxCocoa */ = {
			isa = XCSwiftPackageProductDependency;
			package = 49BF00AF2E1E309400876EC3 /* XCRemoteSwiftPackageReference "RxSwift" */;
			productName = RxCocoa;
		};
		49BF00B22E1E309400876EC3 /* RxRelay */ = {
			isa = XCSwiftPackageProductDependency;
			package = 49BF00AF2E1E309400876EC3 /* XCRemoteSwiftPackageReference "RxSwift" */;
			productName = RxRelay;
		};
		49BF00B42E1E309400876EC3 /* RxSwift */ = {
			isa = XCSwiftPackageProductDependency;
			package = 49BF00AF2E1E309400876EC3 /* XCRemoteSwiftPackageReference "RxSwift" */;
			productName = RxSwift;
		};
		49BF00B92E1E323B00876EC3 /* RealmSwift */ = {
			isa = XCSwiftPackageProductDependency;
			package = 49BF00B82E1E323B00876EC3 /* XCRemoteSwiftPackageReference "realm-swift" */;
			productName = RealmSwift;
		};
		49BF011B2E1F4CE500876EC3 /* SnapKit */ = {
			isa = XCSwiftPackageProductDependency;
			package = 49BF011A2E1F4CE500876EC3 /* XCRemoteSwiftPackageReference "SnapKit" */;
			productName = SnapKit;
		};
/* End XCSwiftPackageProductDependency section */

/* Begin XCVersionGroup section */
		4965DEAD2E560D89006D7CDA /* BalanceEat.xcdatamodeld */ = {
			isa = XCVersionGroup;
			children = (
				4965DEAE2E560D89006D7CDA /* BalanceEat.xcdatamodel */,
			);
			currentVersion = 4965DEAE2E560D89006D7CDA /* BalanceEat.xcdatamodel */;
			path = BalanceEat.xcdatamodeld;
			sourceTree = "<group>";
			versionGroupType = wrapper.xcdatamodel;
		};
/* End XCVersionGroup section */
	};
	rootObject = 49BF006A2E1E2FC900876EC3 /* Project object */;
}
